// !$*UTF8*$!
{
	archiveVersion = 1;
	classes = {
	};
	objectVersion = 46;
	objects = {

/* Begin PBXBuildFile section */
		691958D61536BA67000423A4 /* Reachability.m in Sources */ = {isa = PBXBuildFile; fileRef = 691958D41536B8AC000423A4 /* Reachability.m */; };
		6928942116F6741000C787B2 /* libcurve25519_donna.a in Frameworks */ = {isa = PBXBuildFile; fileRef = 6928942016F6741000C787B2 /* libcurve25519_donna.a */; };
		692B86AF153CD4CB000806A9 /* NSData+Conversion.m in Sources */ = {isa = PBXBuildFile; fileRef = 692B86AE153CD4CB000806A9 /* NSData+Conversion.m */; };
		6940BD1F15F84C0C00FE74CB /* TorController.m in Sources */ = {isa = PBXBuildFile; fileRef = 6940BD1E15F84C0C00FE74CB /* TorController.m */; };
		6940BD2515F8761900FE74CB /* CoreData.framework in Frameworks */ = {isa = PBXBuildFile; fileRef = 6940BD2415F8761900FE74CB /* CoreData.framework */; };
		6954F8ED15FE985E00AE8658 /* NSData+CocoaDevUsersAdditions.m in Sources */ = {isa = PBXBuildFile; fileRef = 6954F8EC15FE985E00AE8658 /* NSData+CocoaDevUsersAdditions.m */; };
		696EBD7814F7877900B81BC9 /* UIKit.framework in Frameworks */ = {isa = PBXBuildFile; fileRef = 696EBD7714F7877900B81BC9 /* UIKit.framework */; };
		696EBD7A14F7877900B81BC9 /* Foundation.framework in Frameworks */ = {isa = PBXBuildFile; fileRef = 696EBD7914F7877900B81BC9 /* Foundation.framework */; };
		696EBD7C14F7877900B81BC9 /* CoreGraphics.framework in Frameworks */ = {isa = PBXBuildFile; fileRef = 696EBD7B14F7877900B81BC9 /* CoreGraphics.framework */; };
		696F9EAB14F8D5A900BC5FDC /* TorWrapper.m in Sources */ = {isa = PBXBuildFile; fileRef = 696F9EA914F8D51300BC5FDC /* TorWrapper.m */; };
		696F9EAE14F8D6ED00BC5FDC /* tor_main.c in Sources */ = {isa = PBXBuildFile; fileRef = 696F9EAD14F8D6ED00BC5FDC /* tor_main.c */; };
		696F9EB014F8DA6900BC5FDC /* torrc in Resources */ = {isa = PBXBuildFile; fileRef = 696F9EAF14F8DA6900BC5FDC /* torrc */; };
		696F9EB414F8DD6D00BC5FDC /* ULINetSocket.m in Sources */ = {isa = PBXBuildFile; fileRef = 696F9EB314F8DD6D00BC5FDC /* ULINetSocket.m */; };
		696F9EB614F8E21200BC5FDC /* CFNetwork.framework in Frameworks */ = {isa = PBXBuildFile; fileRef = 696F9EB514F8E21200BC5FDC /* CFNetwork.framework */; };
		697ABCD614FA042C00E1678C /* SystemConfiguration.framework in Frameworks */ = {isa = PBXBuildFile; fileRef = 697ABCD514FA042C00E1678C /* SystemConfiguration.framework */; };
		697ABCD814FA043300E1678C /* MobileCoreServices.framework in Frameworks */ = {isa = PBXBuildFile; fileRef = 697ABCD714FA043300E1678C /* MobileCoreServices.framework */; };
		69847C4714F788E100288277 /* libcrypto.a in Frameworks */ = {isa = PBXBuildFile; fileRef = 69847C3C14F788E100288277 /* libcrypto.a */; };
		69847C4814F788E100288277 /* libevent_core.a in Frameworks */ = {isa = PBXBuildFile; fileRef = 69847C3D14F788E100288277 /* libevent_core.a */; };
		69847C4914F788E100288277 /* libevent_extra.a in Frameworks */ = {isa = PBXBuildFile; fileRef = 69847C3E14F788E100288277 /* libevent_extra.a */; };
		69847C4A14F788E100288277 /* libevent_openssl.a in Frameworks */ = {isa = PBXBuildFile; fileRef = 69847C3F14F788E100288277 /* libevent_openssl.a */; };
		69847C4B14F788E100288277 /* libevent_pthreads.a in Frameworks */ = {isa = PBXBuildFile; fileRef = 69847C4014F788E100288277 /* libevent_pthreads.a */; };
		69847C4C14F788E100288277 /* libevent.a in Frameworks */ = {isa = PBXBuildFile; fileRef = 69847C4114F788E100288277 /* libevent.a */; };
		69847C4D14F788E100288277 /* libor-crypto.a in Frameworks */ = {isa = PBXBuildFile; fileRef = 69847C4214F788E100288277 /* libor-crypto.a */; };
		69847C4E14F788E100288277 /* libor-event.a in Frameworks */ = {isa = PBXBuildFile; fileRef = 69847C4314F788E100288277 /* libor-event.a */; };
		69847C4F14F788E100288277 /* libor.a in Frameworks */ = {isa = PBXBuildFile; fileRef = 69847C4414F788E100288277 /* libor.a */; };
		69847C5014F788E100288277 /* libssl.a in Frameworks */ = {isa = PBXBuildFile; fileRef = 69847C4514F788E100288277 /* libssl.a */; };
		69847C5114F788E100288277 /* libtor.a in Frameworks */ = {isa = PBXBuildFile; fileRef = 69847C4614F788E100288277 /* libtor.a */; };
		69847C5414F788E900288277 /* libz.dylib in Frameworks */ = {isa = PBXBuildFile; fileRef = 69847C5314F788E900288277 /* libz.dylib */; };
		699CCEBD14FA1939004A2F56 /* libxml2.dylib in Frameworks */ = {isa = PBXBuildFile; fileRef = 699CCEBC14FA1939004A2F56 /* libxml2.dylib */; };
		69F88FCC1500A9D900C7BE98 /* geoip in Resources */ = {isa = PBXBuildFile; fileRef = 69F88FCB1500A9D900C7BE98 /* geoip */; };
		E622BD841842CC8000965F67 /* Connect-iphone.storyboard in Resources */ = {isa = PBXBuildFile; fileRef = E622BD831842CC8000965F67 /* Connect-iphone.storyboard */; };
		E622BD881842D4D600965F67 /* ConnectViewController.m in Sources */ = {isa = PBXBuildFile; fileRef = E622BD871842D4D600965F67 /* ConnectViewController.m */; };
		E622BD8B1842DB4100965F67 /* WelcomeViewController.m in Sources */ = {isa = PBXBuildFile; fileRef = E622BD8A1842DB4100965F67 /* WelcomeViewController.m */; };
		E622BD911843013A00965F67 /* JSONKit.m in Sources */ = {isa = PBXBuildFile; fileRef = E622BD901843013A00965F67 /* JSONKit.m */; settings = {COMPILER_FLAGS = "-fno-objc-arc -w"; }; };
		E622BDA018430C5F00965F67 /* Redacted.xcdatamodeld in Sources */ = {isa = PBXBuildFile; fileRef = E622BD9E18430C5F00965F67 /* Redacted.xcdatamodeld */; };
		E622BE10184417AA00965F67 /* About.txt in Resources */ = {isa = PBXBuildFile; fileRef = E622BDFF184417AA00965F67 /* About.txt */; };
		E622BE11184417AA00965F67 /* DDAbstractDatabaseLogger.m in Sources */ = {isa = PBXBuildFile; fileRef = E622BE01184417AA00965F67 /* DDAbstractDatabaseLogger.m */; };
		E622BE12184417AA00965F67 /* DDASLLogger.m in Sources */ = {isa = PBXBuildFile; fileRef = E622BE03184417AA00965F67 /* DDASLLogger.m */; };
		E622BE13184417AA00965F67 /* DDFileLogger.m in Sources */ = {isa = PBXBuildFile; fileRef = E622BE05184417AA00965F67 /* DDFileLogger.m */; };
		E622BE14184417AA00965F67 /* DDLog.m in Sources */ = {isa = PBXBuildFile; fileRef = E622BE07184417AA00965F67 /* DDLog.m */; };
		E622BE15184417AA00965F67 /* DDTTYLogger.m in Sources */ = {isa = PBXBuildFile; fileRef = E622BE09184417AA00965F67 /* DDTTYLogger.m */; };
		E622BE16184417AA00965F67 /* ContextFilterLogFormatter.m in Sources */ = {isa = PBXBuildFile; fileRef = E622BE0C184417AA00965F67 /* ContextFilterLogFormatter.m */; };
		E622BE17184417AA00965F67 /* DispatchQueueLogFormatter.m in Sources */ = {isa = PBXBuildFile; fileRef = E622BE0E184417AA00965F67 /* DispatchQueueLogFormatter.m */; };
		E622BE18184417AA00965F67 /* README.txt in Resources */ = {isa = PBXBuildFile; fileRef = E622BE0F184417AA00965F67 /* README.txt */; };
		E622BE1D1844185400965F67 /* About.txt in Resources */ = {isa = PBXBuildFile; fileRef = E622BE1A1844185400965F67 /* About.txt */; };
		E622BE1E1844185400965F67 /* GCDAsyncSocket.m in Sources */ = {isa = PBXBuildFile; fileRef = E622BE1C1844185400965F67 /* GCDAsyncSocket.m */; };
		E622BE201844190700965F67 /* Security.framework in Frameworks */ = {isa = PBXBuildFile; fileRef = E622BE1F1844190700965F67 /* Security.framework */; };
		E622BE491844196200965F67 /* DDData.m in Sources */ = {isa = PBXBuildFile; fileRef = E622BE241844196200965F67 /* DDData.m */; };
		E622BE4A1844196200965F67 /* DDNumber.m in Sources */ = {isa = PBXBuildFile; fileRef = E622BE261844196200965F67 /* DDNumber.m */; };
		E622BE4B1844196200965F67 /* DDRange.m in Sources */ = {isa = PBXBuildFile; fileRef = E622BE281844196200965F67 /* DDRange.m */; };
		E622BE4C1844196200965F67 /* HTTPAuthenticationRequest.m in Sources */ = {isa = PBXBuildFile; fileRef = E622BE2A1844196200965F67 /* HTTPAuthenticationRequest.m */; };
		E622BE4D1844196200965F67 /* HTTPConnection.m in Sources */ = {isa = PBXBuildFile; fileRef = E622BE2C1844196200965F67 /* HTTPConnection.m */; };
		E622BE4E1844196200965F67 /* HTTPMessage.m in Sources */ = {isa = PBXBuildFile; fileRef = E622BE2F1844196200965F67 /* HTTPMessage.m */; };
		E622BE4F1844196200965F67 /* HTTPServer.m in Sources */ = {isa = PBXBuildFile; fileRef = E622BE321844196200965F67 /* HTTPServer.m */; };
		E622BE501844196200965F67 /* MultipartFormDataParser.m in Sources */ = {isa = PBXBuildFile; fileRef = E622BE351844196200965F67 /* MultipartFormDataParser.m */; };
		E622BE511844196200965F67 /* MultipartMessageHeader.m in Sources */ = {isa = PBXBuildFile; fileRef = E622BE371844196200965F67 /* MultipartMessageHeader.m */; };
		E622BE521844196200965F67 /* MultipartMessageHeaderField.m in Sources */ = {isa = PBXBuildFile; fileRef = E622BE391844196200965F67 /* MultipartMessageHeaderField.m */; };
		E622BE531844196200965F67 /* HTTPAsyncFileResponse.m in Sources */ = {isa = PBXBuildFile; fileRef = E622BE3C1844196200965F67 /* HTTPAsyncFileResponse.m */; };
		E622BE541844196200965F67 /* HTTPDataResponse.m in Sources */ = {isa = PBXBuildFile; fileRef = E622BE3E1844196200965F67 /* HTTPDataResponse.m */; };
		E622BE551844196200965F67 /* HTTPDynamicFileResponse.m in Sources */ = {isa = PBXBuildFile; fileRef = E622BE401844196200965F67 /* HTTPDynamicFileResponse.m */; };
		E622BE561844196200965F67 /* HTTPErrorResponse.m in Sources */ = {isa = PBXBuildFile; fileRef = E622BE421844196200965F67 /* HTTPErrorResponse.m */; };
		E622BE571844196200965F67 /* HTTPFileResponse.m in Sources */ = {isa = PBXBuildFile; fileRef = E622BE441844196200965F67 /* HTTPFileResponse.m */; };
		E622BE581844196200965F67 /* HTTPRedirectResponse.m in Sources */ = {isa = PBXBuildFile; fileRef = E622BE461844196200965F67 /* HTTPRedirectResponse.m */; };
		E622BE591844196200965F67 /* WebSocket.m in Sources */ = {isa = PBXBuildFile; fileRef = E622BE481844196200965F67 /* WebSocket.m */; };
		E622BE5B18441F6900965F67 /* Web in Resources */ = {isa = PBXBuildFile; fileRef = E622BE5A18441F6900965F67 /* Web */; };
		E622BE61184422A700965F67 /* RedactedHTTPConnection.m in Sources */ = {isa = PBXBuildFile; fileRef = E622BE60184422A700965F67 /* RedactedHTTPConnection.m */; };
		E622BE671844233400965F67 /* RedactedWebSocket.m in Sources */ = {isa = PBXBuildFile; fileRef = E622BE661844233400965F67 /* RedactedWebSocket.m */; };
		E645CD15183F1DB70031D78D /* ProxyURLProtocol.m in Sources */ = {isa = PBXBuildFile; fileRef = E645CD14183F1DB70031D78D /* ProxyURLProtocol.m */; };
		E645CD18183F1DBD0031D78D /* CKHTTPConnection.m in Sources */ = {isa = PBXBuildFile; fileRef = E645CD17183F1DBD0031D78D /* CKHTTPConnection.m */; };
		E645CD1B183F1DC70031D78D /* InfoPlist.strings in Resources */ = {isa = PBXBuildFile; fileRef = E645CD19183F1DC70031D78D /* InfoPlist.strings */; };
		E645CD1D184010DD0031D78D /* Welcome-iphone.storyboard in Resources */ = {isa = PBXBuildFile; fileRef = E645CD1C184010DD0031D78D /* Welcome-iphone.storyboard */; };
		E645CD21184026F80031D78D /* WelcomeUsernameViewController.m in Sources */ = {isa = PBXBuildFile; fileRef = E645CD20184026F80031D78D /* WelcomeUsernameViewController.m */; };
		E66AB6A8183F138B0023745A /* Images.xcassets in Resources */ = {isa = PBXBuildFile; fileRef = E66AB6A7183F138B0023745A /* Images.xcassets */; };
		E66AB6AB183F13A80023745A /* AppDelegate.m in Sources */ = {isa = PBXBuildFile; fileRef = E66AB6AA183F13A80023745A /* AppDelegate.m */; };
		E66AB6B5183F13E10023745A /* main.m in Sources */ = {isa = PBXBuildFile; fileRef = E66AB6B3183F13E10023745A /* main.m */; };
		E66AB6B8183F13F10023745A /* WebViewController.m in Sources */ = {isa = PBXBuildFile; fileRef = E66AB6B7183F13F10023745A /* WebViewController.m */; };
		E66AB6C2183F142E0023745A /* Bridge.m in Sources */ = {isa = PBXBuildFile; fileRef = E66AB6BD183F142E0023745A /* Bridge.m */; };
		E66AB6C3183F142E0023745A /* BridgeEditViewController.m in Sources */ = {isa = PBXBuildFile; fileRef = E66AB6BF183F142E0023745A /* BridgeEditViewController.m */; };
		E66AB6C4183F142E0023745A /* BridgeTableViewController.m in Sources */ = {isa = PBXBuildFile; fileRef = E66AB6C1183F142E0023745A /* BridgeTableViewController.m */; };
		E66AB6CA183F14400023745A /* SettingsTableViewController.m in Sources */ = {isa = PBXBuildFile; fileRef = E66AB6C6183F14400023745A /* SettingsTableViewController.m */; };
		E66AB6CB183F14400023745A /* SettingsViewController.m in Sources */ = {isa = PBXBuildFile; fileRef = E66AB6C8183F14400023745A /* SettingsViewController.m */; };
		E66AB6CC183F14400023745A /* SettingsViewController.xib in Resources */ = {isa = PBXBuildFile; fileRef = E66AB6C9183F14400023745A /* SettingsViewController.xib */; };
		E66AB6D3183F14510023745A /* Bookmark.m in Sources */ = {isa = PBXBuildFile; fileRef = E66AB6CE183F14510023745A /* Bookmark.m */; };
		E66AB6D4183F14510023745A /* BookmarkEditViewController.m in Sources */ = {isa = PBXBuildFile; fileRef = E66AB6D0183F14510023745A /* BookmarkEditViewController.m */; };
		E66AB6D5183F14510023745A /* BookmarkTableViewController.m in Sources */ = {isa = PBXBuildFile; fileRef = E66AB6D2183F14510023745A /* BookmarkTableViewController.m */; };
/* End PBXBuildFile section */

/* Begin PBXFileReference section */
		691958D31536B8AC000423A4 /* Reachability.h */ = {isa = PBXFileReference; lastKnownFileType = sourcecode.c.h; path = Reachability.h; sourceTree = "<group>"; };
		691958D41536B8AC000423A4 /* Reachability.m */ = {isa = PBXFileReference; lastKnownFileType = sourcecode.c.objc; path = Reachability.m; sourceTree = "<group>"; };
		6928942016F6741000C787B2 /* libcurve25519_donna.a */ = {isa = PBXFileReference; lastKnownFileType = archive.ar; name = libcurve25519_donna.a; path = ../dependencies/lib/libcurve25519_donna.a; sourceTree = "<group>"; };
		692B86AD153CD4CB000806A9 /* NSData+Conversion.h */ = {isa = PBXFileReference; fileEncoding = 4; lastKnownFileType = sourcecode.c.h; path = "NSData+Conversion.h"; sourceTree = "<group>"; };
		692B86AE153CD4CB000806A9 /* NSData+Conversion.m */ = {isa = PBXFileReference; fileEncoding = 4; lastKnownFileType = sourcecode.c.objc; path = "NSData+Conversion.m"; sourceTree = "<group>"; };
		6940BD1D15F84C0C00FE74CB /* TorController.h */ = {isa = PBXFileReference; fileEncoding = 4; lastKnownFileType = sourcecode.c.h; path = TorController.h; sourceTree = "<group>"; };
		6940BD1E15F84C0C00FE74CB /* TorController.m */ = {isa = PBXFileReference; fileEncoding = 4; lastKnownFileType = sourcecode.c.objc; path = TorController.m; sourceTree = "<group>"; };
		6940BD2415F8761900FE74CB /* CoreData.framework */ = {isa = PBXFileReference; lastKnownFileType = wrapper.framework; name = CoreData.framework; path = System/Library/Frameworks/CoreData.framework; sourceTree = SDKROOT; };
		6954F8EB15FE985E00AE8658 /* NSData+CocoaDevUsersAdditions.h */ = {isa = PBXFileReference; fileEncoding = 4; lastKnownFileType = sourcecode.c.h; path = "NSData+CocoaDevUsersAdditions.h"; sourceTree = "<group>"; };
		6954F8EC15FE985E00AE8658 /* NSData+CocoaDevUsersAdditions.m */ = {isa = PBXFileReference; fileEncoding = 4; lastKnownFileType = sourcecode.c.objc; path = "NSData+CocoaDevUsersAdditions.m"; sourceTree = "<group>"; };
		696EBD7314F7877900B81BC9 /* Redacted.app */ = {isa = PBXFileReference; explicitFileType = wrapper.application; includeInIndex = 0; path = Redacted.app; sourceTree = BUILT_PRODUCTS_DIR; };
		696EBD7714F7877900B81BC9 /* UIKit.framework */ = {isa = PBXFileReference; lastKnownFileType = wrapper.framework; name = UIKit.framework; path = System/Library/Frameworks/UIKit.framework; sourceTree = SDKROOT; };
		696EBD7914F7877900B81BC9 /* Foundation.framework */ = {isa = PBXFileReference; lastKnownFileType = wrapper.framework; name = Foundation.framework; path = System/Library/Frameworks/Foundation.framework; sourceTree = SDKROOT; };
		696EBD7B14F7877900B81BC9 /* CoreGraphics.framework */ = {isa = PBXFileReference; lastKnownFileType = wrapper.framework; name = CoreGraphics.framework; path = System/Library/Frameworks/CoreGraphics.framework; sourceTree = SDKROOT; };
		696F9EA814F8D51300BC5FDC /* TorWrapper.h */ = {isa = PBXFileReference; lastKnownFileType = sourcecode.c.h; path = TorWrapper.h; sourceTree = "<group>"; };
		696F9EA914F8D51300BC5FDC /* TorWrapper.m */ = {isa = PBXFileReference; lastKnownFileType = sourcecode.c.objc; path = TorWrapper.m; sourceTree = "<group>"; };
		696F9EAD14F8D6ED00BC5FDC /* tor_main.c */ = {isa = PBXFileReference; fileEncoding = 4; lastKnownFileType = sourcecode.c.c; path = tor_main.c; sourceTree = "<group>"; };
		696F9EAF14F8DA6900BC5FDC /* torrc */ = {isa = PBXFileReference; fileEncoding = 4; lastKnownFileType = text; path = torrc; sourceTree = "<group>"; };
		696F9EB214F8DD6D00BC5FDC /* ULINetSocket.h */ = {isa = PBXFileReference; fileEncoding = 4; lastKnownFileType = sourcecode.c.h; path = ULINetSocket.h; sourceTree = "<group>"; };
		696F9EB314F8DD6D00BC5FDC /* ULINetSocket.m */ = {isa = PBXFileReference; fileEncoding = 4; lastKnownFileType = sourcecode.c.objc; path = ULINetSocket.m; sourceTree = "<group>"; };
		696F9EB514F8E21200BC5FDC /* CFNetwork.framework */ = {isa = PBXFileReference; lastKnownFileType = wrapper.framework; name = CFNetwork.framework; path = System/Library/Frameworks/CFNetwork.framework; sourceTree = SDKROOT; };
		697ABCD514FA042C00E1678C /* SystemConfiguration.framework */ = {isa = PBXFileReference; lastKnownFileType = wrapper.framework; name = SystemConfiguration.framework; path = System/Library/Frameworks/SystemConfiguration.framework; sourceTree = SDKROOT; };
		697ABCD714FA043300E1678C /* MobileCoreServices.framework */ = {isa = PBXFileReference; lastKnownFileType = wrapper.framework; name = MobileCoreServices.framework; path = System/Library/Frameworks/MobileCoreServices.framework; sourceTree = SDKROOT; };
		69847C3C14F788E100288277 /* libcrypto.a */ = {isa = PBXFileReference; lastKnownFileType = archive.ar; name = libcrypto.a; path = ../dependencies/lib/libcrypto.a; sourceTree = "<group>"; };
		69847C3D14F788E100288277 /* libevent_core.a */ = {isa = PBXFileReference; lastKnownFileType = archive.ar; name = libevent_core.a; path = ../dependencies/lib/libevent_core.a; sourceTree = "<group>"; };
		69847C3E14F788E100288277 /* libevent_extra.a */ = {isa = PBXFileReference; lastKnownFileType = archive.ar; name = libevent_extra.a; path = ../dependencies/lib/libevent_extra.a; sourceTree = "<group>"; };
		69847C3F14F788E100288277 /* libevent_openssl.a */ = {isa = PBXFileReference; lastKnownFileType = archive.ar; name = libevent_openssl.a; path = ../dependencies/lib/libevent_openssl.a; sourceTree = "<group>"; };
		69847C4014F788E100288277 /* libevent_pthreads.a */ = {isa = PBXFileReference; lastKnownFileType = archive.ar; name = libevent_pthreads.a; path = ../dependencies/lib/libevent_pthreads.a; sourceTree = "<group>"; };
		69847C4114F788E100288277 /* libevent.a */ = {isa = PBXFileReference; lastKnownFileType = archive.ar; name = libevent.a; path = ../dependencies/lib/libevent.a; sourceTree = "<group>"; };
		69847C4214F788E100288277 /* libor-crypto.a */ = {isa = PBXFileReference; lastKnownFileType = archive.ar; name = "libor-crypto.a"; path = "../dependencies/lib/libor-crypto.a"; sourceTree = "<group>"; };
		69847C4314F788E100288277 /* libor-event.a */ = {isa = PBXFileReference; lastKnownFileType = archive.ar; name = "libor-event.a"; path = "../dependencies/lib/libor-event.a"; sourceTree = "<group>"; };
		69847C4414F788E100288277 /* libor.a */ = {isa = PBXFileReference; lastKnownFileType = archive.ar; name = libor.a; path = ../dependencies/lib/libor.a; sourceTree = "<group>"; };
		69847C4514F788E100288277 /* libssl.a */ = {isa = PBXFileReference; lastKnownFileType = archive.ar; name = libssl.a; path = ../dependencies/lib/libssl.a; sourceTree = "<group>"; };
		69847C4614F788E100288277 /* libtor.a */ = {isa = PBXFileReference; lastKnownFileType = archive.ar; name = libtor.a; path = ../dependencies/lib/libtor.a; sourceTree = "<group>"; };
		69847C5314F788E900288277 /* libz.dylib */ = {isa = PBXFileReference; lastKnownFileType = "compiled.mach-o.dylib"; name = libz.dylib; path = usr/lib/libz.dylib; sourceTree = SDKROOT; };
		699CCEBC14FA1939004A2F56 /* libxml2.dylib */ = {isa = PBXFileReference; lastKnownFileType = "compiled.mach-o.dylib"; name = libxml2.dylib; path = usr/lib/libxml2.dylib; sourceTree = SDKROOT; };
		69F88FCB1500A9D900C7BE98 /* geoip */ = {isa = PBXFileReference; fileEncoding = 4; lastKnownFileType = text; name = geoip; path = ../dependencies/share/geoip; sourceTree = "<group>"; };
		E622BD831842CC8000965F67 /* Connect-iphone.storyboard */ = {isa = PBXFileReference; fileEncoding = 4; lastKnownFileType = file.storyboard; path = "Connect-iphone.storyboard"; sourceTree = "<group>"; };
		E622BD861842D4D600965F67 /* ConnectViewController.h */ = {isa = PBXFileReference; fileEncoding = 4; lastKnownFileType = sourcecode.c.h; path = ConnectViewController.h; sourceTree = SOURCE_ROOT; };
		E622BD871842D4D600965F67 /* ConnectViewController.m */ = {isa = PBXFileReference; fileEncoding = 4; lastKnownFileType = sourcecode.c.objc; path = ConnectViewController.m; sourceTree = SOURCE_ROOT; };
		E622BD891842DB4100965F67 /* WelcomeViewController.h */ = {isa = PBXFileReference; fileEncoding = 4; lastKnownFileType = sourcecode.c.h; path = WelcomeViewController.h; sourceTree = SOURCE_ROOT; };
		E622BD8A1842DB4100965F67 /* WelcomeViewController.m */ = {isa = PBXFileReference; fileEncoding = 4; lastKnownFileType = sourcecode.c.objc; path = WelcomeViewController.m; sourceTree = SOURCE_ROOT; };
		E622BD8F1843013A00965F67 /* JSONKit.h */ = {isa = PBXFileReference; fileEncoding = 4; lastKnownFileType = sourcecode.c.h; name = JSONKit.h; path = JSONKit/JSONKit.h; sourceTree = "<group>"; };
		E622BD901843013A00965F67 /* JSONKit.m */ = {isa = PBXFileReference; fileEncoding = 4; lastKnownFileType = sourcecode.c.objc; name = JSONKit.m; path = JSONKit/JSONKit.m; sourceTree = "<group>"; };
		E622BD9F18430C5F00965F67 /* Redacted.xcdatamodel */ = {isa = PBXFileReference; lastKnownFileType = wrapper.xcdatamodel; path = Redacted.xcdatamodel; sourceTree = "<group>"; };
		E622BDFF184417AA00965F67 /* About.txt */ = {isa = PBXFileReference; fileEncoding = 4; lastKnownFileType = text; path = About.txt; sourceTree = "<group>"; };
		E622BE00184417AA00965F67 /* DDAbstractDatabaseLogger.h */ = {isa = PBXFileReference; fileEncoding = 4; lastKnownFileType = sourcecode.c.h; path = DDAbstractDatabaseLogger.h; sourceTree = "<group>"; };
		E622BE01184417AA00965F67 /* DDAbstractDatabaseLogger.m */ = {isa = PBXFileReference; fileEncoding = 4; lastKnownFileType = sourcecode.c.objc; path = DDAbstractDatabaseLogger.m; sourceTree = "<group>"; };
		E622BE02184417AA00965F67 /* DDASLLogger.h */ = {isa = PBXFileReference; fileEncoding = 4; lastKnownFileType = sourcecode.c.h; path = DDASLLogger.h; sourceTree = "<group>"; };
		E622BE03184417AA00965F67 /* DDASLLogger.m */ = {isa = PBXFileReference; fileEncoding = 4; lastKnownFileType = sourcecode.c.objc; path = DDASLLogger.m; sourceTree = "<group>"; };
		E622BE04184417AA00965F67 /* DDFileLogger.h */ = {isa = PBXFileReference; fileEncoding = 4; lastKnownFileType = sourcecode.c.h; path = DDFileLogger.h; sourceTree = "<group>"; };
		E622BE05184417AA00965F67 /* DDFileLogger.m */ = {isa = PBXFileReference; fileEncoding = 4; lastKnownFileType = sourcecode.c.objc; path = DDFileLogger.m; sourceTree = "<group>"; };
		E622BE06184417AA00965F67 /* DDLog.h */ = {isa = PBXFileReference; fileEncoding = 4; lastKnownFileType = sourcecode.c.h; path = DDLog.h; sourceTree = "<group>"; };
		E622BE07184417AA00965F67 /* DDLog.m */ = {isa = PBXFileReference; fileEncoding = 4; lastKnownFileType = sourcecode.c.objc; path = DDLog.m; sourceTree = "<group>"; };
		E622BE08184417AA00965F67 /* DDTTYLogger.h */ = {isa = PBXFileReference; fileEncoding = 4; lastKnownFileType = sourcecode.c.h; path = DDTTYLogger.h; sourceTree = "<group>"; };
		E622BE09184417AA00965F67 /* DDTTYLogger.m */ = {isa = PBXFileReference; fileEncoding = 4; lastKnownFileType = sourcecode.c.objc; path = DDTTYLogger.m; sourceTree = "<group>"; };
		E622BE0B184417AA00965F67 /* ContextFilterLogFormatter.h */ = {isa = PBXFileReference; fileEncoding = 4; lastKnownFileType = sourcecode.c.h; path = ContextFilterLogFormatter.h; sourceTree = "<group>"; };
		E622BE0C184417AA00965F67 /* ContextFilterLogFormatter.m */ = {isa = PBXFileReference; fileEncoding = 4; lastKnownFileType = sourcecode.c.objc; path = ContextFilterLogFormatter.m; sourceTree = "<group>"; };
		E622BE0D184417AA00965F67 /* DispatchQueueLogFormatter.h */ = {isa = PBXFileReference; fileEncoding = 4; lastKnownFileType = sourcecode.c.h; path = DispatchQueueLogFormatter.h; sourceTree = "<group>"; };
		E622BE0E184417AA00965F67 /* DispatchQueueLogFormatter.m */ = {isa = PBXFileReference; fileEncoding = 4; lastKnownFileType = sourcecode.c.objc; path = DispatchQueueLogFormatter.m; sourceTree = "<group>"; };
		E622BE0F184417AA00965F67 /* README.txt */ = {isa = PBXFileReference; fileEncoding = 4; lastKnownFileType = text; path = README.txt; sourceTree = "<group>"; };
		E622BE1A1844185400965F67 /* About.txt */ = {isa = PBXFileReference; fileEncoding = 4; lastKnownFileType = text; path = About.txt; sourceTree = "<group>"; };
		E622BE1B1844185400965F67 /* GCDAsyncSocket.h */ = {isa = PBXFileReference; fileEncoding = 4; lastKnownFileType = sourcecode.c.h; path = GCDAsyncSocket.h; sourceTree = "<group>"; };
		E622BE1C1844185400965F67 /* GCDAsyncSocket.m */ = {isa = PBXFileReference; fileEncoding = 4; lastKnownFileType = sourcecode.c.objc; path = GCDAsyncSocket.m; sourceTree = "<group>"; };
		E622BE1F1844190700965F67 /* Security.framework */ = {isa = PBXFileReference; lastKnownFileType = wrapper.framework; name = Security.framework; path = System/Library/Frameworks/Security.framework; sourceTree = SDKROOT; };
		E622BE231844196200965F67 /* DDData.h */ = {isa = PBXFileReference; fileEncoding = 4; lastKnownFileType = sourcecode.c.h; path = DDData.h; sourceTree = "<group>"; };
		E622BE241844196200965F67 /* DDData.m */ = {isa = PBXFileReference; fileEncoding = 4; lastKnownFileType = sourcecode.c.objc; path = DDData.m; sourceTree = "<group>"; };
		E622BE251844196200965F67 /* DDNumber.h */ = {isa = PBXFileReference; fileEncoding = 4; lastKnownFileType = sourcecode.c.h; path = DDNumber.h; sourceTree = "<group>"; };
		E622BE261844196200965F67 /* DDNumber.m */ = {isa = PBXFileReference; fileEncoding = 4; lastKnownFileType = sourcecode.c.objc; path = DDNumber.m; sourceTree = "<group>"; };
		E622BE271844196200965F67 /* DDRange.h */ = {isa = PBXFileReference; fileEncoding = 4; lastKnownFileType = sourcecode.c.h; path = DDRange.h; sourceTree = "<group>"; };
		E622BE281844196200965F67 /* DDRange.m */ = {isa = PBXFileReference; fileEncoding = 4; lastKnownFileType = sourcecode.c.objc; path = DDRange.m; sourceTree = "<group>"; };
		E622BE291844196200965F67 /* HTTPAuthenticationRequest.h */ = {isa = PBXFileReference; fileEncoding = 4; lastKnownFileType = sourcecode.c.h; path = HTTPAuthenticationRequest.h; sourceTree = "<group>"; };
		E622BE2A1844196200965F67 /* HTTPAuthenticationRequest.m */ = {isa = PBXFileReference; fileEncoding = 4; lastKnownFileType = sourcecode.c.objc; path = HTTPAuthenticationRequest.m; sourceTree = "<group>"; };
		E622BE2B1844196200965F67 /* HTTPConnection.h */ = {isa = PBXFileReference; fileEncoding = 4; lastKnownFileType = sourcecode.c.h; path = HTTPConnection.h; sourceTree = "<group>"; };
		E622BE2C1844196200965F67 /* HTTPConnection.m */ = {isa = PBXFileReference; fileEncoding = 4; lastKnownFileType = sourcecode.c.objc; path = HTTPConnection.m; sourceTree = "<group>"; };
		E622BE2D1844196200965F67 /* HTTPLogging.h */ = {isa = PBXFileReference; fileEncoding = 4; lastKnownFileType = sourcecode.c.h; path = HTTPLogging.h; sourceTree = "<group>"; };
		E622BE2E1844196200965F67 /* HTTPMessage.h */ = {isa = PBXFileReference; fileEncoding = 4; lastKnownFileType = sourcecode.c.h; path = HTTPMessage.h; sourceTree = "<group>"; };
		E622BE2F1844196200965F67 /* HTTPMessage.m */ = {isa = PBXFileReference; fileEncoding = 4; lastKnownFileType = sourcecode.c.objc; path = HTTPMessage.m; sourceTree = "<group>"; };
		E622BE301844196200965F67 /* HTTPResponse.h */ = {isa = PBXFileReference; fileEncoding = 4; lastKnownFileType = sourcecode.c.h; path = HTTPResponse.h; sourceTree = "<group>"; };
		E622BE311844196200965F67 /* HTTPServer.h */ = {isa = PBXFileReference; fileEncoding = 4; lastKnownFileType = sourcecode.c.h; path = HTTPServer.h; sourceTree = "<group>"; };
		E622BE321844196200965F67 /* HTTPServer.m */ = {isa = PBXFileReference; fileEncoding = 4; lastKnownFileType = sourcecode.c.objc; path = HTTPServer.m; sourceTree = "<group>"; };
		E622BE341844196200965F67 /* MultipartFormDataParser.h */ = {isa = PBXFileReference; fileEncoding = 4; lastKnownFileType = sourcecode.c.h; path = MultipartFormDataParser.h; sourceTree = "<group>"; };
		E622BE351844196200965F67 /* MultipartFormDataParser.m */ = {isa = PBXFileReference; fileEncoding = 4; lastKnownFileType = sourcecode.c.objc; path = MultipartFormDataParser.m; sourceTree = "<group>"; };
		E622BE361844196200965F67 /* MultipartMessageHeader.h */ = {isa = PBXFileReference; fileEncoding = 4; lastKnownFileType = sourcecode.c.h; path = MultipartMessageHeader.h; sourceTree = "<group>"; };
		E622BE371844196200965F67 /* MultipartMessageHeader.m */ = {isa = PBXFileReference; fileEncoding = 4; lastKnownFileType = sourcecode.c.objc; path = MultipartMessageHeader.m; sourceTree = "<group>"; };
		E622BE381844196200965F67 /* MultipartMessageHeaderField.h */ = {isa = PBXFileReference; fileEncoding = 4; lastKnownFileType = sourcecode.c.h; path = MultipartMessageHeaderField.h; sourceTree = "<group>"; };
		E622BE391844196200965F67 /* MultipartMessageHeaderField.m */ = {isa = PBXFileReference; fileEncoding = 4; lastKnownFileType = sourcecode.c.objc; path = MultipartMessageHeaderField.m; sourceTree = "<group>"; };
		E622BE3B1844196200965F67 /* HTTPAsyncFileResponse.h */ = {isa = PBXFileReference; fileEncoding = 4; lastKnownFileType = sourcecode.c.h; path = HTTPAsyncFileResponse.h; sourceTree = "<group>"; };
		E622BE3C1844196200965F67 /* HTTPAsyncFileResponse.m */ = {isa = PBXFileReference; fileEncoding = 4; lastKnownFileType = sourcecode.c.objc; path = HTTPAsyncFileResponse.m; sourceTree = "<group>"; };
		E622BE3D1844196200965F67 /* HTTPDataResponse.h */ = {isa = PBXFileReference; fileEncoding = 4; lastKnownFileType = sourcecode.c.h; path = HTTPDataResponse.h; sourceTree = "<group>"; };
		E622BE3E1844196200965F67 /* HTTPDataResponse.m */ = {isa = PBXFileReference; fileEncoding = 4; lastKnownFileType = sourcecode.c.objc; path = HTTPDataResponse.m; sourceTree = "<group>"; };
		E622BE3F1844196200965F67 /* HTTPDynamicFileResponse.h */ = {isa = PBXFileReference; fileEncoding = 4; lastKnownFileType = sourcecode.c.h; path = HTTPDynamicFileResponse.h; sourceTree = "<group>"; };
		E622BE401844196200965F67 /* HTTPDynamicFileResponse.m */ = {isa = PBXFileReference; fileEncoding = 4; lastKnownFileType = sourcecode.c.objc; path = HTTPDynamicFileResponse.m; sourceTree = "<group>"; };
		E622BE411844196200965F67 /* HTTPErrorResponse.h */ = {isa = PBXFileReference; fileEncoding = 4; lastKnownFileType = sourcecode.c.h; path = HTTPErrorResponse.h; sourceTree = "<group>"; };
		E622BE421844196200965F67 /* HTTPErrorResponse.m */ = {isa = PBXFileReference; fileEncoding = 4; lastKnownFileType = sourcecode.c.objc; path = HTTPErrorResponse.m; sourceTree = "<group>"; };
		E622BE431844196200965F67 /* HTTPFileResponse.h */ = {isa = PBXFileReference; fileEncoding = 4; lastKnownFileType = sourcecode.c.h; path = HTTPFileResponse.h; sourceTree = "<group>"; };
		E622BE441844196200965F67 /* HTTPFileResponse.m */ = {isa = PBXFileReference; fileEncoding = 4; lastKnownFileType = sourcecode.c.objc; path = HTTPFileResponse.m; sourceTree = "<group>"; };
		E622BE451844196200965F67 /* HTTPRedirectResponse.h */ = {isa = PBXFileReference; fileEncoding = 4; lastKnownFileType = sourcecode.c.h; path = HTTPRedirectResponse.h; sourceTree = "<group>"; };
		E622BE461844196200965F67 /* HTTPRedirectResponse.m */ = {isa = PBXFileReference; fileEncoding = 4; lastKnownFileType = sourcecode.c.objc; path = HTTPRedirectResponse.m; sourceTree = "<group>"; };
		E622BE471844196200965F67 /* WebSocket.h */ = {isa = PBXFileReference; fileEncoding = 4; lastKnownFileType = sourcecode.c.h; path = WebSocket.h; sourceTree = "<group>"; };
		E622BE481844196200965F67 /* WebSocket.m */ = {isa = PBXFileReference; fileEncoding = 4; lastKnownFileType = sourcecode.c.objc; path = WebSocket.m; sourceTree = "<group>"; };
		E622BE5A18441F6900965F67 /* Web */ = {isa = PBXFileReference; lastKnownFileType = folder; path = Web; sourceTree = "<group>"; };
		E622BE5F184422A700965F67 /* RedactedHTTPConnection.h */ = {isa = PBXFileReference; fileEncoding = 4; lastKnownFileType = sourcecode.c.h; path = RedactedHTTPConnection.h; sourceTree = SOURCE_ROOT; };
		E622BE60184422A700965F67 /* RedactedHTTPConnection.m */ = {isa = PBXFileReference; fileEncoding = 4; lastKnownFileType = sourcecode.c.objc; path = RedactedHTTPConnection.m; sourceTree = SOURCE_ROOT; };
		E622BE651844233400965F67 /* RedactedWebSocket.h */ = {isa = PBXFileReference; fileEncoding = 4; lastKnownFileType = sourcecode.c.h; path = RedactedWebSocket.h; sourceTree = SOURCE_ROOT; };
		E622BE661844233400965F67 /* RedactedWebSocket.m */ = {isa = PBXFileReference; fileEncoding = 4; lastKnownFileType = sourcecode.c.objc; path = RedactedWebSocket.m; sourceTree = SOURCE_ROOT; };
		E645CD13183F1DB70031D78D /* ProxyURLProtocol.h */ = {isa = PBXFileReference; fileEncoding = 4; lastKnownFileType = sourcecode.c.h; path = ProxyURLProtocol.h; sourceTree = SOURCE_ROOT; };
		E645CD14183F1DB70031D78D /* ProxyURLProtocol.m */ = {isa = PBXFileReference; fileEncoding = 4; lastKnownFileType = sourcecode.c.objc; path = ProxyURLProtocol.m; sourceTree = SOURCE_ROOT; };
		E645CD16183F1DBD0031D78D /* CKHTTPConnection.h */ = {isa = PBXFileReference; fileEncoding = 4; lastKnownFileType = sourcecode.c.h; name = CKHTTPConnection.h; path = ConnectionKit/CKHTTPConnection.h; sourceTree = SOURCE_ROOT; };
		E645CD17183F1DBD0031D78D /* CKHTTPConnection.m */ = {isa = PBXFileReference; fileEncoding = 4; lastKnownFileType = sourcecode.c.objc; name = CKHTTPConnection.m; path = ConnectionKit/CKHTTPConnection.m; sourceTree = SOURCE_ROOT; xcLanguageSpecificationIdentifier = xcode.lang.objc; };
		E645CD1A183F1DC70031D78D /* en */ = {isa = PBXFileReference; lastKnownFileType = text.plist.strings; name = en; path = Redacted/en.lproj/InfoPlist.strings; sourceTree = SOURCE_ROOT; };
		E645CD1C184010DD0031D78D /* Welcome-iphone.storyboard */ = {isa = PBXFileReference; fileEncoding = 4; lastKnownFileType = file.storyboard; path = "Welcome-iphone.storyboard"; sourceTree = SOURCE_ROOT; };
		E645CD1F184026F80031D78D /* WelcomeUsernameViewController.h */ = {isa = PBXFileReference; fileEncoding = 4; lastKnownFileType = sourcecode.c.h; path = WelcomeUsernameViewController.h; sourceTree = SOURCE_ROOT; };
		E645CD20184026F80031D78D /* WelcomeUsernameViewController.m */ = {isa = PBXFileReference; fileEncoding = 4; lastKnownFileType = sourcecode.c.objc; path = WelcomeUsernameViewController.m; sourceTree = SOURCE_ROOT; };
		E66AB6A7183F138B0023745A /* Images.xcassets */ = {isa = PBXFileReference; lastKnownFileType = folder.assetcatalog; name = Images.xcassets; path = Redacted/Images.xcassets; sourceTree = "<group>"; };
		E66AB6A9183F13A80023745A /* AppDelegate.h */ = {isa = PBXFileReference; fileEncoding = 4; lastKnownFileType = sourcecode.c.h; name = AppDelegate.h; path = Redacted/AppDelegate.h; sourceTree = SOURCE_ROOT; };
		E66AB6AA183F13A80023745A /* AppDelegate.m */ = {isa = PBXFileReference; fileEncoding = 4; lastKnownFileType = sourcecode.c.objc; name = AppDelegate.m; path = Redacted/AppDelegate.m; sourceTree = SOURCE_ROOT; };
		E66AB6B1183F13D40023745A /* Redacted-Info.plist */ = {isa = PBXFileReference; fileEncoding = 4; lastKnownFileType = text.plist.xml; name = "Redacted-Info.plist"; path = "Redacted/Redacted-Info.plist"; sourceTree = SOURCE_ROOT; };
		E66AB6B3183F13E10023745A /* main.m */ = {isa = PBXFileReference; fileEncoding = 4; lastKnownFileType = sourcecode.c.objc; name = main.m; path = Redacted/main.m; sourceTree = SOURCE_ROOT; };
		E66AB6B4183F13E10023745A /* Redacted-Prefix.pch */ = {isa = PBXFileReference; fileEncoding = 4; lastKnownFileType = sourcecode.c.h; name = "Redacted-Prefix.pch"; path = "Redacted/Redacted-Prefix.pch"; sourceTree = SOURCE_ROOT; };
		E66AB6B6183F13F10023745A /* WebViewController.h */ = {isa = PBXFileReference; fileEncoding = 4; lastKnownFileType = sourcecode.c.h; name = WebViewController.h; path = Redacted/WebViewController.h; sourceTree = SOURCE_ROOT; };
		E66AB6B7183F13F10023745A /* WebViewController.m */ = {isa = PBXFileReference; fileEncoding = 4; lastKnownFileType = sourcecode.c.objc; name = WebViewController.m; path = Redacted/WebViewController.m; sourceTree = SOURCE_ROOT; };
		E66AB6BC183F142E0023745A /* Bridge.h */ = {isa = PBXFileReference; fileEncoding = 4; lastKnownFileType = sourcecode.c.h; name = Bridge.h; path = Redacted/Bridge.h; sourceTree = SOURCE_ROOT; };
		E66AB6BD183F142E0023745A /* Bridge.m */ = {isa = PBXFileReference; fileEncoding = 4; lastKnownFileType = sourcecode.c.objc; name = Bridge.m; path = Redacted/Bridge.m; sourceTree = SOURCE_ROOT; };
		E66AB6BE183F142E0023745A /* BridgeEditViewController.h */ = {isa = PBXFileReference; fileEncoding = 4; lastKnownFileType = sourcecode.c.h; name = BridgeEditViewController.h; path = Redacted/BridgeEditViewController.h; sourceTree = SOURCE_ROOT; };
		E66AB6BF183F142E0023745A /* BridgeEditViewController.m */ = {isa = PBXFileReference; fileEncoding = 4; lastKnownFileType = sourcecode.c.objc; name = BridgeEditViewController.m; path = Redacted/BridgeEditViewController.m; sourceTree = SOURCE_ROOT; };
		E66AB6C0183F142E0023745A /* BridgeTableViewController.h */ = {isa = PBXFileReference; fileEncoding = 4; lastKnownFileType = sourcecode.c.h; name = BridgeTableViewController.h; path = Redacted/BridgeTableViewController.h; sourceTree = SOURCE_ROOT; };
		E66AB6C1183F142E0023745A /* BridgeTableViewController.m */ = {isa = PBXFileReference; fileEncoding = 4; lastKnownFileType = sourcecode.c.objc; name = BridgeTableViewController.m; path = Redacted/BridgeTableViewController.m; sourceTree = SOURCE_ROOT; };
		E66AB6C5183F14400023745A /* SettingsTableViewController.h */ = {isa = PBXFileReference; fileEncoding = 4; lastKnownFileType = sourcecode.c.h; name = SettingsTableViewController.h; path = Redacted/SettingsTableViewController.h; sourceTree = SOURCE_ROOT; };
		E66AB6C6183F14400023745A /* SettingsTableViewController.m */ = {isa = PBXFileReference; fileEncoding = 4; lastKnownFileType = sourcecode.c.objc; name = SettingsTableViewController.m; path = Redacted/SettingsTableViewController.m; sourceTree = SOURCE_ROOT; };
		E66AB6C7183F14400023745A /* SettingsViewController.h */ = {isa = PBXFileReference; fileEncoding = 4; lastKnownFileType = sourcecode.c.h; name = SettingsViewController.h; path = Redacted/SettingsViewController.h; sourceTree = SOURCE_ROOT; };
		E66AB6C8183F14400023745A /* SettingsViewController.m */ = {isa = PBXFileReference; fileEncoding = 4; lastKnownFileType = sourcecode.c.objc; name = SettingsViewController.m; path = Redacted/SettingsViewController.m; sourceTree = SOURCE_ROOT; };
		E66AB6C9183F14400023745A /* SettingsViewController.xib */ = {isa = PBXFileReference; fileEncoding = 4; lastKnownFileType = file.xib; name = SettingsViewController.xib; path = Redacted/SettingsViewController.xib; sourceTree = SOURCE_ROOT; };
		E66AB6CD183F14510023745A /* Bookmark.h */ = {isa = PBXFileReference; fileEncoding = 4; lastKnownFileType = sourcecode.c.h; name = Bookmark.h; path = Redacted/Bookmark.h; sourceTree = SOURCE_ROOT; };
		E66AB6CE183F14510023745A /* Bookmark.m */ = {isa = PBXFileReference; fileEncoding = 4; lastKnownFileType = sourcecode.c.objc; name = Bookmark.m; path = Redacted/Bookmark.m; sourceTree = SOURCE_ROOT; };
		E66AB6CF183F14510023745A /* BookmarkEditViewController.h */ = {isa = PBXFileReference; fileEncoding = 4; lastKnownFileType = sourcecode.c.h; name = BookmarkEditViewController.h; path = Redacted/BookmarkEditViewController.h; sourceTree = SOURCE_ROOT; };
		E66AB6D0183F14510023745A /* BookmarkEditViewController.m */ = {isa = PBXFileReference; fileEncoding = 4; lastKnownFileType = sourcecode.c.objc; name = BookmarkEditViewController.m; path = Redacted/BookmarkEditViewController.m; sourceTree = SOURCE_ROOT; };
		E66AB6D1183F14510023745A /* BookmarkTableViewController.h */ = {isa = PBXFileReference; fileEncoding = 4; lastKnownFileType = sourcecode.c.h; name = BookmarkTableViewController.h; path = Redacted/BookmarkTableViewController.h; sourceTree = SOURCE_ROOT; };
		E66AB6D2183F14510023745A /* BookmarkTableViewController.m */ = {isa = PBXFileReference; fileEncoding = 4; lastKnownFileType = sourcecode.c.objc; name = BookmarkTableViewController.m; path = Redacted/BookmarkTableViewController.m; sourceTree = SOURCE_ROOT; };
/* End PBXFileReference section */

/* Begin PBXFrameworksBuildPhase section */
		696EBD7014F7877900B81BC9 /* Frameworks */ = {
			isa = PBXFrameworksBuildPhase;
			buildActionMask = 2147483647;
			files = (
				E622BE201844190700965F67 /* Security.framework in Frameworks */,
				6940BD2515F8761900FE74CB /* CoreData.framework in Frameworks */,
				699CCEBD14FA1939004A2F56 /* libxml2.dylib in Frameworks */,
				697ABCD814FA043300E1678C /* MobileCoreServices.framework in Frameworks */,
				697ABCD614FA042C00E1678C /* SystemConfiguration.framework in Frameworks */,
				696EBD7814F7877900B81BC9 /* UIKit.framework in Frameworks */,
				696EBD7A14F7877900B81BC9 /* Foundation.framework in Frameworks */,
				696EBD7C14F7877900B81BC9 /* CoreGraphics.framework in Frameworks */,
				696F9EB614F8E21200BC5FDC /* CFNetwork.framework in Frameworks */,
				69847C5414F788E900288277 /* libz.dylib in Frameworks */,
				69847C4714F788E100288277 /* libcrypto.a in Frameworks */,
				69847C4814F788E100288277 /* libevent_core.a in Frameworks */,
				69847C4914F788E100288277 /* libevent_extra.a in Frameworks */,
				69847C4A14F788E100288277 /* libevent_openssl.a in Frameworks */,
				69847C4B14F788E100288277 /* libevent_pthreads.a in Frameworks */,
				69847C4C14F788E100288277 /* libevent.a in Frameworks */,
				69847C4D14F788E100288277 /* libor-crypto.a in Frameworks */,
				69847C4E14F788E100288277 /* libor-event.a in Frameworks */,
				69847C4F14F788E100288277 /* libor.a in Frameworks */,
				69847C5014F788E100288277 /* libssl.a in Frameworks */,
				69847C5114F788E100288277 /* libtor.a in Frameworks */,
				6928942116F6741000C787B2 /* libcurve25519_donna.a in Frameworks */,
			);
			runOnlyForDeploymentPostprocessing = 0;
		};
/* End PBXFrameworksBuildPhase section */

/* Begin PBXGroup section */
		6924C27515525F3B004BE7F9 /* Settings */ = {
			isa = PBXGroup;
			children = (
				6940BD3115F87FC100FE74CB /* SettingsView */,
				69A82A7D15F97553009B31F1 /* Bookmarks */,
			);
			name = Settings;
			sourceTree = "<group>";
		};
		6940BD3115F87FC100FE74CB /* SettingsView */ = {
			isa = PBXGroup;
			children = (
				696ECDE315FD4A6700F17494 /* Bridges */,
				E66AB6C5183F14400023745A /* SettingsTableViewController.h */,
				E66AB6C6183F14400023745A /* SettingsTableViewController.m */,
				E66AB6C7183F14400023745A /* SettingsViewController.h */,
				E66AB6C8183F14400023745A /* SettingsViewController.m */,
				E66AB6C9183F14400023745A /* SettingsViewController.xib */,
			);
			name = SettingsView;
			sourceTree = "<group>";
		};
		696EBD6814F7877900B81BC9 = {
			isa = PBXGroup;
			children = (
				E622BD9E18430C5F00965F67 /* Redacted.xcdatamodeld */,
				E622BE191844185400965F67 /* CocoaAsyncSocket */,
				E622BDFE184417AA00965F67 /* CocoaLumberJack */,
				E622BE211844196200965F67 /* CocoaHTTPServer */,
				696F9EB114F8DD5300BC5FDC /* ThirdParty */,
				69BB0A4C14F8D31800E7E909 /* Tor */,
				696EBD7D14F7877900B81BC9 /* Redacted */,
				E66AB6A6183F132A0023745A /* Resources */,
				696EBD7614F7877900B81BC9 /* Frameworks */,
				696EBD7414F7877900B81BC9 /* Products */,
			);
			sourceTree = "<group>";
		};
		696EBD7414F7877900B81BC9 /* Products */ = {
			isa = PBXGroup;
			children = (
				696EBD7314F7877900B81BC9 /* Redacted.app */,
			);
			name = Products;
			sourceTree = "<group>";
		};
		696EBD7614F7877900B81BC9 /* Frameworks */ = {
			isa = PBXGroup;
			children = (
				69847C5514F788F600288277 /* External */,
				69847C5314F788E900288277 /* libz.dylib */,
				699CCEBC14FA1939004A2F56 /* libxml2.dylib */,
				E622BE1F1844190700965F67 /* Security.framework */,
				697ABCD714FA043300E1678C /* MobileCoreServices.framework */,
				697ABCD514FA042C00E1678C /* SystemConfiguration.framework */,
				696EBD7714F7877900B81BC9 /* UIKit.framework */,
				696EBD7914F7877900B81BC9 /* Foundation.framework */,
				696EBD7B14F7877900B81BC9 /* CoreGraphics.framework */,
				696F9EB514F8E21200BC5FDC /* CFNetwork.framework */,
				6940BD2415F8761900FE74CB /* CoreData.framework */,
			);
			name = Frameworks;
			sourceTree = "<group>";
		};
		696EBD7D14F7877900B81BC9 /* Redacted */ = {
			isa = PBXGroup;
			children = (
				E66AB6A9183F13A80023745A /* AppDelegate.h */,
				E66AB6AA183F13A80023745A /* AppDelegate.m */,
				E622BE5F184422A700965F67 /* RedactedHTTPConnection.h */,
				E622BE60184422A700965F67 /* RedactedHTTPConnection.m */,
				E622BE651844233400965F67 /* RedactedWebSocket.h */,
				E622BE661844233400965F67 /* RedactedWebSocket.m */,
				696EBD7E14F7877900B81BC9 /* Supporting Files */,
				E66AB6B6183F13F10023745A /* WebViewController.h */,
				E66AB6B7183F13F10023745A /* WebViewController.m */,
				E645CD14183F1DB70031D78D /* ProxyURLProtocol.m */,
				E645CD13183F1DB70031D78D /* ProxyURLProtocol.h */,
				E645CD16183F1DBD0031D78D /* CKHTTPConnection.h */,
				E645CD17183F1DBD0031D78D /* CKHTTPConnection.m */,
				6924C27515525F3B004BE7F9 /* Settings */,
				E622BD851842D4C200965F67 /* Connect */,
				E645CD1E184025EA0031D78D /* Welcome */,
			);
			name = Redacted;
			path = OnionBrowser;
			sourceTree = "<group>";
		};
		696EBD7E14F7877900B81BC9 /* Supporting Files */ = {
			isa = PBXGroup;
			children = (
				E66AB6B1183F13D40023745A /* Redacted-Info.plist */,
				E645CD19183F1DC70031D78D /* InfoPlist.strings */,
				E66AB6B3183F13E10023745A /* main.m */,
				E66AB6B4183F13E10023745A /* Redacted-Prefix.pch */,
			);
			name = "Supporting Files";
			sourceTree = "<group>";
		};
		696ECDE315FD4A6700F17494 /* Bridges */ = {
			isa = PBXGroup;
			children = (
				E66AB6BC183F142E0023745A /* Bridge.h */,
				E66AB6BD183F142E0023745A /* Bridge.m */,
				E66AB6BE183F142E0023745A /* BridgeEditViewController.h */,
				E66AB6BF183F142E0023745A /* BridgeEditViewController.m */,
				E66AB6C0183F142E0023745A /* BridgeTableViewController.h */,
				E66AB6C1183F142E0023745A /* BridgeTableViewController.m */,
			);
			name = Bridges;
			sourceTree = "<group>";
		};
		696F9EB114F8DD5300BC5FDC /* ThirdParty */ = {
			isa = PBXGroup;
			children = (
				691958D31536B8AC000423A4 /* Reachability.h */,
				691958D41536B8AC000423A4 /* Reachability.m */,
				696F9EB214F8DD6D00BC5FDC /* ULINetSocket.h */,
				696F9EB314F8DD6D00BC5FDC /* ULINetSocket.m */,
				E622BD8F1843013A00965F67 /* JSONKit.h */,
				E622BD901843013A00965F67 /* JSONKit.m */,
				692B86AD153CD4CB000806A9 /* NSData+Conversion.h */,
				692B86AE153CD4CB000806A9 /* NSData+Conversion.m */,
				6954F8EB15FE985E00AE8658 /* NSData+CocoaDevUsersAdditions.h */,
				6954F8EC15FE985E00AE8658 /* NSData+CocoaDevUsersAdditions.m */,
			);
			name = ThirdParty;
			sourceTree = "<group>";
		};
		69847C5514F788F600288277 /* External */ = {
			isa = PBXGroup;
			children = (
				69847C3C14F788E100288277 /* libcrypto.a */,
				69847C3D14F788E100288277 /* libevent_core.a */,
				69847C3E14F788E100288277 /* libevent_extra.a */,
				69847C3F14F788E100288277 /* libevent_openssl.a */,
				69847C4014F788E100288277 /* libevent_pthreads.a */,
				69847C4114F788E100288277 /* libevent.a */,
				69847C4214F788E100288277 /* libor-crypto.a */,
				69847C4314F788E100288277 /* libor-event.a */,
				6928942016F6741000C787B2 /* libcurve25519_donna.a */,
				69847C4414F788E100288277 /* libor.a */,
				69847C4514F788E100288277 /* libssl.a */,
				69847C4614F788E100288277 /* libtor.a */,
			);
			name = External;
			sourceTree = "<group>";
		};
		69A82A7D15F97553009B31F1 /* Bookmarks */ = {
			isa = PBXGroup;
			children = (
				E66AB6CD183F14510023745A /* Bookmark.h */,
				E66AB6CE183F14510023745A /* Bookmark.m */,
				E66AB6CF183F14510023745A /* BookmarkEditViewController.h */,
				E66AB6D0183F14510023745A /* BookmarkEditViewController.m */,
				E66AB6D1183F14510023745A /* BookmarkTableViewController.h */,
				E66AB6D2183F14510023745A /* BookmarkTableViewController.m */,
			);
			name = Bookmarks;
			sourceTree = "<group>";
		};
		69BB0A4C14F8D31800E7E909 /* Tor */ = {
			isa = PBXGroup;
			children = (
				696F9EA814F8D51300BC5FDC /* TorWrapper.h */,
				696F9EA914F8D51300BC5FDC /* TorWrapper.m */,
				6940BD1D15F84C0C00FE74CB /* TorController.h */,
				6940BD1E15F84C0C00FE74CB /* TorController.m */,
				696F9EAD14F8D6ED00BC5FDC /* tor_main.c */,
				696F9EAF14F8DA6900BC5FDC /* torrc */,
				69F88FCB1500A9D900C7BE98 /* geoip */,
			);
			name = Tor;
			sourceTree = "<group>";
		};
		E622BD851842D4C200965F67 /* Connect */ = {
			isa = PBXGroup;
			children = (
				E622BD861842D4D600965F67 /* ConnectViewController.h */,
				E622BD871842D4D600965F67 /* ConnectViewController.m */,
			);
			name = Connect;
			sourceTree = "<group>";
		};
		E622BDFE184417AA00965F67 /* CocoaLumberJack */ = {
			isa = PBXGroup;
			children = (
				E622BDFF184417AA00965F67 /* About.txt */,
				E622BE00184417AA00965F67 /* DDAbstractDatabaseLogger.h */,
				E622BE01184417AA00965F67 /* DDAbstractDatabaseLogger.m */,
				E622BE02184417AA00965F67 /* DDASLLogger.h */,
				E622BE03184417AA00965F67 /* DDASLLogger.m */,
				E622BE04184417AA00965F67 /* DDFileLogger.h */,
				E622BE05184417AA00965F67 /* DDFileLogger.m */,
				E622BE06184417AA00965F67 /* DDLog.h */,
				E622BE07184417AA00965F67 /* DDLog.m */,
				E622BE08184417AA00965F67 /* DDTTYLogger.h */,
				E622BE09184417AA00965F67 /* DDTTYLogger.m */,
				E622BE0A184417AA00965F67 /* Extensions */,
			);
			path = CocoaLumberJack;
			sourceTree = "<group>";
		};
		E622BE0A184417AA00965F67 /* Extensions */ = {
			isa = PBXGroup;
			children = (
				E622BE0B184417AA00965F67 /* ContextFilterLogFormatter.h */,
				E622BE0C184417AA00965F67 /* ContextFilterLogFormatter.m */,
				E622BE0D184417AA00965F67 /* DispatchQueueLogFormatter.h */,
				E622BE0E184417AA00965F67 /* DispatchQueueLogFormatter.m */,
				E622BE0F184417AA00965F67 /* README.txt */,
			);
			path = Extensions;
			sourceTree = "<group>";
		};
		E622BE191844185400965F67 /* CocoaAsyncSocket */ = {
			isa = PBXGroup;
			children = (
				E622BE1A1844185400965F67 /* About.txt */,
				E622BE1B1844185400965F67 /* GCDAsyncSocket.h */,
				E622BE1C1844185400965F67 /* GCDAsyncSocket.m */,
			);
			path = CocoaAsyncSocket;
			sourceTree = "<group>";
		};
		E622BE211844196200965F67 /* CocoaHTTPServer */ = {
			isa = PBXGroup;
			children = (
				E622BE221844196200965F67 /* Categories */,
				E622BE291844196200965F67 /* HTTPAuthenticationRequest.h */,
				E622BE2A1844196200965F67 /* HTTPAuthenticationRequest.m */,
				E622BE2B1844196200965F67 /* HTTPConnection.h */,
				E622BE2C1844196200965F67 /* HTTPConnection.m */,
				E622BE2D1844196200965F67 /* HTTPLogging.h */,
				E622BE2E1844196200965F67 /* HTTPMessage.h */,
				E622BE2F1844196200965F67 /* HTTPMessage.m */,
				E622BE301844196200965F67 /* HTTPResponse.h */,
				E622BE311844196200965F67 /* HTTPServer.h */,
				E622BE321844196200965F67 /* HTTPServer.m */,
				E622BE331844196200965F67 /* Mime */,
				E622BE3A1844196200965F67 /* Responses */,
				E622BE471844196200965F67 /* WebSocket.h */,
				E622BE481844196200965F67 /* WebSocket.m */,
			);
			path = CocoaHTTPServer;
			sourceTree = SOURCE_ROOT;
		};
		E622BE221844196200965F67 /* Categories */ = {
			isa = PBXGroup;
			children = (
				E622BE231844196200965F67 /* DDData.h */,
				E622BE241844196200965F67 /* DDData.m */,
				E622BE251844196200965F67 /* DDNumber.h */,
				E622BE261844196200965F67 /* DDNumber.m */,
				E622BE271844196200965F67 /* DDRange.h */,
				E622BE281844196200965F67 /* DDRange.m */,
			);
			path = Categories;
			sourceTree = "<group>";
		};
		E622BE331844196200965F67 /* Mime */ = {
			isa = PBXGroup;
			children = (
				E622BE341844196200965F67 /* MultipartFormDataParser.h */,
				E622BE351844196200965F67 /* MultipartFormDataParser.m */,
				E622BE361844196200965F67 /* MultipartMessageHeader.h */,
				E622BE371844196200965F67 /* MultipartMessageHeader.m */,
				E622BE381844196200965F67 /* MultipartMessageHeaderField.h */,
				E622BE391844196200965F67 /* MultipartMessageHeaderField.m */,
			);
			path = Mime;
			sourceTree = "<group>";
		};
		E622BE3A1844196200965F67 /* Responses */ = {
			isa = PBXGroup;
			children = (
				E622BE3B1844196200965F67 /* HTTPAsyncFileResponse.h */,
				E622BE3C1844196200965F67 /* HTTPAsyncFileResponse.m */,
				E622BE3D1844196200965F67 /* HTTPDataResponse.h */,
				E622BE3E1844196200965F67 /* HTTPDataResponse.m */,
				E622BE3F1844196200965F67 /* HTTPDynamicFileResponse.h */,
				E622BE401844196200965F67 /* HTTPDynamicFileResponse.m */,
				E622BE411844196200965F67 /* HTTPErrorResponse.h */,
				E622BE421844196200965F67 /* HTTPErrorResponse.m */,
				E622BE431844196200965F67 /* HTTPFileResponse.h */,
				E622BE441844196200965F67 /* HTTPFileResponse.m */,
				E622BE451844196200965F67 /* HTTPRedirectResponse.h */,
				E622BE461844196200965F67 /* HTTPRedirectResponse.m */,
			);
			path = Responses;
			sourceTree = "<group>";
		};
		E645CD1E184025EA0031D78D /* Welcome */ = {
			isa = PBXGroup;
			children = (
				E622BD891842DB4100965F67 /* WelcomeViewController.h */,
				E622BD8A1842DB4100965F67 /* WelcomeViewController.m */,
				E645CD1F184026F80031D78D /* WelcomeUsernameViewController.h */,
				E645CD20184026F80031D78D /* WelcomeUsernameViewController.m */,
			);
			name = Welcome;
			sourceTree = "<group>";
		};
		E66AB6A6183F132A0023745A /* Resources */ = {
			isa = PBXGroup;
			children = (
				E622BE5A18441F6900965F67 /* Web */,
				E66AB6A7183F138B0023745A /* Images.xcassets */,
				E622BD831842CC8000965F67 /* Connect-iphone.storyboard */,
				E645CD1C184010DD0031D78D /* Welcome-iphone.storyboard */,
			);
			name = Resources;
			sourceTree = "<group>";
		};
/* End PBXGroup section */

/* Begin PBXNativeTarget section */
		696EBD7214F7877900B81BC9 /* Redacted */ = {
			isa = PBXNativeTarget;
			buildConfigurationList = 696EBD8B14F7877900B81BC9 /* Build configuration list for PBXNativeTarget "Redacted" */;
			buildPhases = (
				696EBD6F14F7877900B81BC9 /* Sources */,
				696EBD7014F7877900B81BC9 /* Frameworks */,
				696EBD7114F7877900B81BC9 /* Resources */,
			);
			buildRules = (
			);
			dependencies = (
			);
			name = Redacted;
			productName = OnionBrowser;
			productReference = 696EBD7314F7877900B81BC9 /* Redacted.app */;
			productType = "com.apple.product-type.application";
		};
/* End PBXNativeTarget section */

/* Begin PBXProject section */
		696EBD6A14F7877900B81BC9 /* Project object */ = {
			isa = PBXProject;
			attributes = {
				LastUpgradeCheck = 0500;
				TargetAttributes = {
					696EBD7214F7877900B81BC9 = {
						DevelopmentTeam = 9ATQVW88L4;
					};
				};
			};
			buildConfigurationList = 696EBD6D14F7877900B81BC9 /* Build configuration list for PBXProject "Redacted" */;
			compatibilityVersion = "Xcode 3.2";
			developmentRegion = English;
			hasScannedForEncodings = 0;
			knownRegions = (
				en,
			);
			mainGroup = 696EBD6814F7877900B81BC9;
			productRefGroup = 696EBD7414F7877900B81BC9 /* Products */;
			projectDirPath = "";
			projectRoot = "";
			targets = (
				696EBD7214F7877900B81BC9 /* Redacted */,
			);
		};
/* End PBXProject section */

/* Begin PBXResourcesBuildPhase section */
		696EBD7114F7877900B81BC9 /* Resources */ = {
			isa = PBXResourcesBuildPhase;
			buildActionMask = 2147483647;
			files = (
				E645CD1B183F1DC70031D78D /* InfoPlist.strings in Resources */,
				E622BE18184417AA00965F67 /* README.txt in Resources */,
				E66AB6A8183F138B0023745A /* Images.xcassets in Resources */,
				E622BE10184417AA00965F67 /* About.txt in Resources */,
				E622BE1D1844185400965F67 /* About.txt in Resources */,
				696F9EB014F8DA6900BC5FDC /* torrc in Resources */,
				E645CD1D184010DD0031D78D /* Welcome-iphone.storyboard in Resources */,
				E622BD841842CC8000965F67 /* Connect-iphone.storyboard in Resources */,
				E622BE5B18441F6900965F67 /* Web in Resources */,
				69F88FCC1500A9D900C7BE98 /* geoip in Resources */,
				E66AB6CC183F14400023745A /* SettingsViewController.xib in Resources */,
			);
			runOnlyForDeploymentPostprocessing = 0;
		};
/* End PBXResourcesBuildPhase section */

/* Begin PBXSourcesBuildPhase section */
		696EBD6F14F7877900B81BC9 /* Sources */ = {
			isa = PBXSourcesBuildPhase;
			buildActionMask = 2147483647;
			files = (
				696F9EAB14F8D5A900BC5FDC /* TorWrapper.m in Sources */,
				E622BE591844196200965F67 /* WebSocket.m in Sources */,
				E622BE17184417AA00965F67 /* DispatchQueueLogFormatter.m in Sources */,
				691958D61536BA67000423A4 /* Reachability.m in Sources */,
				E622BE4A1844196200965F67 /* DDNumber.m in Sources */,
				E622BE551844196200965F67 /* HTTPDynamicFileResponse.m in Sources */,
				E622BE581844196200965F67 /* HTTPRedirectResponse.m in Sources */,
				696F9EAE14F8D6ED00BC5FDC /* tor_main.c in Sources */,
				696F9EB414F8DD6D00BC5FDC /* ULINetSocket.m in Sources */,
				E66AB6C2183F142E0023745A /* Bridge.m in Sources */,
				E622BD8B1842DB4100965F67 /* WelcomeViewController.m in Sources */,
				692B86AF153CD4CB000806A9 /* NSData+Conversion.m in Sources */,
				E622BD881842D4D600965F67 /* ConnectViewController.m in Sources */,
				E622BE1E1844185400965F67 /* GCDAsyncSocket.m in Sources */,
				E622BE61184422A700965F67 /* RedactedHTTPConnection.m in Sources */,
				E66AB6CB183F14400023745A /* SettingsViewController.m in Sources */,
				E622BE16184417AA00965F67 /* ContextFilterLogFormatter.m in Sources */,
				E622BE521844196200965F67 /* MultipartMessageHeaderField.m in Sources */,
				E645CD15183F1DB70031D78D /* ProxyURLProtocol.m in Sources */,
				E622BE4F1844196200965F67 /* HTTPServer.m in Sources */,
				E66AB6C3183F142E0023745A /* BridgeEditViewController.m in Sources */,
				6940BD1F15F84C0C00FE74CB /* TorController.m in Sources */,
				E622BDA018430C5F00965F67 /* Redacted.xcdatamodeld in Sources */,
				E622BE561844196200965F67 /* HTTPErrorResponse.m in Sources */,
				E66AB6B8183F13F10023745A /* WebViewController.m in Sources */,
				E622BE12184417AA00965F67 /* DDASLLogger.m in Sources */,
				E66AB6C4183F142E0023745A /* BridgeTableViewController.m in Sources */,
				E645CD21184026F80031D78D /* WelcomeUsernameViewController.m in Sources */,
				E622BE4B1844196200965F67 /* DDRange.m in Sources */,
				E622BE13184417AA00965F67 /* DDFileLogger.m in Sources */,
				E66AB6D3183F14510023745A /* Bookmark.m in Sources */,
				E622BE571844196200965F67 /* HTTPFileResponse.m in Sources */,
				E622BE4C1844196200965F67 /* HTTPAuthenticationRequest.m in Sources */,
				E622BE4E1844196200965F67 /* HTTPMessage.m in Sources */,
				E622BE511844196200965F67 /* MultipartMessageHeader.m in Sources */,
				E622BE14184417AA00965F67 /* DDLog.m in Sources */,
				E622BE491844196200965F67 /* DDData.m in Sources */,
				E622BE671844233400965F67 /* RedactedWebSocket.m in Sources */,
				6954F8ED15FE985E00AE8658 /* NSData+CocoaDevUsersAdditions.m in Sources */,
				E622BE15184417AA00965F67 /* DDTTYLogger.m in Sources */,
				E622BE4D1844196200965F67 /* HTTPConnection.m in Sources */,
				E66AB6B5183F13E10023745A /* main.m in Sources */,
				E66AB6CA183F14400023745A /* SettingsTableViewController.m in Sources */,
				E66AB6D5183F14510023745A /* BookmarkTableViewController.m in Sources */,
				E645CD18183F1DBD0031D78D /* CKHTTPConnection.m in Sources */,
				E622BE541844196200965F67 /* HTTPDataResponse.m in Sources */,
				E622BE11184417AA00965F67 /* DDAbstractDatabaseLogger.m in Sources */,
				E622BE531844196200965F67 /* HTTPAsyncFileResponse.m in Sources */,
				E66AB6AB183F13A80023745A /* AppDelegate.m in Sources */,
				E66AB6D4183F14510023745A /* BookmarkEditViewController.m in Sources */,
				E622BE501844196200965F67 /* MultipartFormDataParser.m in Sources */,
				E622BD911843013A00965F67 /* JSONKit.m in Sources */,
			);
			runOnlyForDeploymentPostprocessing = 0;
		};
/* End PBXSourcesBuildPhase section */

/* Begin PBXVariantGroup section */
		E645CD19183F1DC70031D78D /* InfoPlist.strings */ = {
			isa = PBXVariantGroup;
			children = (
				E645CD1A183F1DC70031D78D /* en */,
			);
			name = InfoPlist.strings;
			sourceTree = "<group>";
		};
/* End PBXVariantGroup section */

/* Begin XCBuildConfiguration section */
		6945ED4C15FB2E6000DE5EBD /* TestBuilds */ = {
			isa = XCBuildConfiguration;
			buildSettings = {
				ALWAYS_SEARCH_USER_PATHS = NO;
				CLANG_ENABLE_OBJC_ARC = YES;
				CLANG_WARN_BOOL_CONVERSION = YES;
				CLANG_WARN_CONSTANT_CONVERSION = YES;
				CLANG_WARN_EMPTY_BODY = YES;
				CLANG_WARN_ENUM_CONVERSION = YES;
				CLANG_WARN_INT_CONVERSION = YES;
				CLANG_WARN__DUPLICATE_METHOD_MATCH = YES;
				"CODE_SIGN_IDENTITY[sdk=iphoneos*]" = "iPhone Developer";
				"CODE_SIGN_IDENTITY[sdk=iphonesimulator*]" = "";
				COPY_PHASE_STRIP = YES;
				GCC_C_LANGUAGE_STANDARD = gnu99;
				GCC_DYNAMIC_NO_PIC = NO;
				GCC_GENERATE_DEBUGGING_SYMBOLS = NO;
				GCC_OPTIMIZATION_LEVEL = 3;
				GCC_SYMBOLS_PRIVATE_EXTERN = YES;
				GCC_WARN_ABOUT_RETURN_TYPE = YES;
				GCC_WARN_UNDECLARED_SELECTOR = YES;
				GCC_WARN_UNINITIALIZED_AUTOS = YES;
				GCC_WARN_UNUSED_FUNCTION = YES;
				GCC_WARN_UNUSED_VARIABLE = YES;
				HEADER_SEARCH_PATHS = (
					../dependencies/include,
					../dependencies/include/common,
					../dependencies/include/or,
					"${SDK_DIR}/usr/include/libxml2",
				);
				IPHONEOS_DEPLOYMENT_TARGET = 5.1;
				LIBRARY_SEARCH_PATHS = ../dependencies/lib;
				SDKROOT = iphoneos;
				STRIP_INSTALLED_PRODUCT = YES;
				TARGETED_DEVICE_FAMILY = "1,2";
			};
			name = TestBuilds;
		};
		6945ED4D15FB2E6000DE5EBD /* TestBuilds */ = {
			isa = XCBuildConfiguration;
			buildSettings = {
				ASSETCATALOG_COMPILER_APPICON_NAME = AppIcon;
				ASSETCATALOG_COMPILER_LAUNCHIMAGE_NAME = LaunchImage;
				CODE_SIGN_IDENTITY = "iPhone Developer";
				GCC_PRECOMPILE_PREFIX_HEADER = YES;
				GCC_PREFIX_HEADER = "Redacted/Redacted-Prefix.pch";
				INFOPLIST_FILE = "$(SRCROOT)/Redacted/Redacted-Info.plist";
				IPHONEOS_DEPLOYMENT_TARGET = 7.0;
				LIBRARY_SEARCH_PATHS = (
					"$(inherited)",
					"\"$(SRCROOT)/../dependencies/lib\"",
				);
				PRODUCT_NAME = Redacted;
				WRAPPER_EXTENSION = app;
			};
			name = TestBuilds;
		};
		696EBD8914F7877900B81BC9 /* Debug */ = {
			isa = XCBuildConfiguration;
			buildSettings = {
				ALWAYS_SEARCH_USER_PATHS = NO;
				CLANG_ENABLE_OBJC_ARC = YES;
				CLANG_WARN_BOOL_CONVERSION = YES;
				CLANG_WARN_CONSTANT_CONVERSION = YES;
				CLANG_WARN_EMPTY_BODY = YES;
				CLANG_WARN_ENUM_CONVERSION = YES;
				CLANG_WARN_INT_CONVERSION = YES;
				CLANG_WARN__DUPLICATE_METHOD_MATCH = YES;
				"CODE_SIGN_IDENTITY[sdk=iphoneos*]" = "iPhone Developer";
				"CODE_SIGN_IDENTITY[sdk=iphonesimulator*]" = "";
				COPY_PHASE_STRIP = NO;
				DEAD_CODE_STRIPPING = NO;
				GCC_C_LANGUAGE_STANDARD = gnu99;
				GCC_DYNAMIC_NO_PIC = NO;
				GCC_OPTIMIZATION_LEVEL = 0;
				GCC_PREPROCESSOR_DEFINITIONS = (
					"DEBUG=1",
					"$(inherited)",
				);
				GCC_SYMBOLS_PRIVATE_EXTERN = NO;
				GCC_WARN_ABOUT_RETURN_TYPE = YES;
				GCC_WARN_UNDECLARED_SELECTOR = YES;
				GCC_WARN_UNINITIALIZED_AUTOS = YES;
				GCC_WARN_UNUSED_FUNCTION = YES;
				GCC_WARN_UNUSED_VARIABLE = YES;
				HEADER_SEARCH_PATHS = (
					../dependencies/include,
					../dependencies/include/common,
					../dependencies/include/or,
					"${SDK_DIR}/usr/include/libxml2",
				);
				IPHONEOS_DEPLOYMENT_TARGET = 5.1;
				KEEP_PRIVATE_EXTERNS = YES;
				LIBRARY_SEARCH_PATHS = ../dependencies/lib;
				LINKER_DISPLAYS_MANGLED_NAMES = YES;
				ONLY_ACTIVE_ARCH = YES;
				SDKROOT = iphoneos;
				STRIP_INSTALLED_PRODUCT = NO;
				TARGETED_DEVICE_FAMILY = "1,2";
			};
			name = Debug;
		};
		696EBD8A14F7877900B81BC9 /* Release */ = {
			isa = XCBuildConfiguration;
			buildSettings = {
				ALWAYS_SEARCH_USER_PATHS = NO;
				CLANG_ENABLE_OBJC_ARC = YES;
				CLANG_WARN_BOOL_CONVERSION = YES;
				CLANG_WARN_CONSTANT_CONVERSION = YES;
				CLANG_WARN_EMPTY_BODY = YES;
				CLANG_WARN_ENUM_CONVERSION = YES;
				CLANG_WARN_INT_CONVERSION = YES;
				CLANG_WARN__DUPLICATE_METHOD_MATCH = YES;
				"CODE_SIGN_IDENTITY[sdk=iphoneos*]" = "iPhone Distribution: Mike Tigas";
				"CODE_SIGN_IDENTITY[sdk=iphonesimulator*]" = "";
				COPY_PHASE_STRIP = YES;
				DEPLOYMENT_POSTPROCESSING = YES;
				GCC_C_LANGUAGE_STANDARD = gnu99;
				GCC_DYNAMIC_NO_PIC = NO;
				GCC_GENERATE_DEBUGGING_SYMBOLS = NO;
				GCC_OPTIMIZATION_LEVEL = 3;
				GCC_SYMBOLS_PRIVATE_EXTERN = YES;
				GCC_WARN_ABOUT_RETURN_TYPE = YES;
				GCC_WARN_UNDECLARED_SELECTOR = YES;
				GCC_WARN_UNINITIALIZED_AUTOS = YES;
				GCC_WARN_UNUSED_FUNCTION = YES;
				GCC_WARN_UNUSED_VARIABLE = YES;
				HEADER_SEARCH_PATHS = (
					../dependencies/include,
					../dependencies/include/common,
					../dependencies/include/or,
					"${SDK_DIR}/usr/include/libxml2",
				);
				IPHONEOS_DEPLOYMENT_TARGET = 5.1;
				LIBRARY_SEARCH_PATHS = ../dependencies/lib;
				OTHER_CFLAGS = "-DNS_BLOCK_ASSERTIONS=1";
				SDKROOT = iphoneos;
				TARGETED_DEVICE_FAMILY = "1,2";
				VALIDATE_PRODUCT = YES;
			};
			name = Release;
		};
		696EBD8C14F7877900B81BC9 /* Debug */ = {
			isa = XCBuildConfiguration;
			buildSettings = {
				ASSETCATALOG_COMPILER_APPICON_NAME = AppIcon;
				ASSETCATALOG_COMPILER_LAUNCHIMAGE_NAME = LaunchImage;
				CODE_SIGN_IDENTITY = "iPhone Developer";
				GCC_PRECOMPILE_PREFIX_HEADER = YES;
				GCC_PREFIX_HEADER = "Redacted/Redacted-Prefix.pch";
				INFOPLIST_FILE = "$(SRCROOT)/Redacted/Redacted-Info.plist";
				IPHONEOS_DEPLOYMENT_TARGET = 7.0;
				LIBRARY_SEARCH_PATHS = (
					"$(inherited)",
					"\"$(SRCROOT)/../dependencies/lib\"",
				);
				PRODUCT_NAME = Redacted;
				WRAPPER_EXTENSION = app;
			};
			name = Debug;
		};
		696EBD8D14F7877900B81BC9 /* Release */ = {
			isa = XCBuildConfiguration;
			buildSettings = {
				ASSETCATALOG_COMPILER_APPICON_NAME = AppIcon;
				ASSETCATALOG_COMPILER_LAUNCHIMAGE_NAME = LaunchImage;
				CODE_SIGN_IDENTITY = "iPhone Developer";
				GCC_PRECOMPILE_PREFIX_HEADER = YES;
				GCC_PREFIX_HEADER = "Redacted/Redacted-Prefix.pch";
				INFOPLIST_FILE = "$(SRCROOT)/Redacted/Redacted-Info.plist";
				IPHONEOS_DEPLOYMENT_TARGET = 7.0;
				LIBRARY_SEARCH_PATHS = (
					"$(inherited)",
					"\"$(SRCROOT)/../dependencies/lib\"",
				);
				PRODUCT_NAME = Redacted;
				WRAPPER_EXTENSION = app;
			};
			name = Release;
		};
/* End XCBuildConfiguration section */

/* Begin XCConfigurationList section */
		696EBD6D14F7877900B81BC9 /* Build configuration list for PBXProject "Redacted" */ = {
			isa = XCConfigurationList;
			buildConfigurations = (
				696EBD8914F7877900B81BC9 /* Debug */,
				6945ED4C15FB2E6000DE5EBD /* TestBuilds */,
				696EBD8A14F7877900B81BC9 /* Release */,
			);
			defaultConfigurationIsVisible = 0;
			defaultConfigurationName = Release;
		};
		696EBD8B14F7877900B81BC9 /* Build configuration list for PBXNativeTarget "Redacted" */ = {
			isa = XCConfigurationList;
			buildConfigurations = (
				696EBD8C14F7877900B81BC9 /* Debug */,
				6945ED4D15FB2E6000DE5EBD /* TestBuilds */,
				696EBD8D14F7877900B81BC9 /* Release */,
			);
			defaultConfigurationIsVisible = 0;
			defaultConfigurationName = Release;
		};
/* End XCConfigurationList section */

/* Begin XCVersionGroup section */
		E622BD9E18430C5F00965F67 /* Redacted.xcdatamodeld */ = {
			isa = XCVersionGroup;
			children = (
				E622BD9F18430C5F00965F67 /* Redacted.xcdatamodel */,
			);
			currentVersion = E622BD9F18430C5F00965F67 /* Redacted.xcdatamodel */;
			path = Redacted.xcdatamodeld;
			sourceTree = "<group>";
			versionGroupType = wrapper.xcdatamodel;
		};
/* End XCVersionGroup section */
	};
	rootObject = 696EBD6A14F7877900B81BC9 /* Project object */;
}
